
Microsoft Visual Studio Solution File, Format Version 12.00
# Visual Studio 2013
VisualStudioVersion = 12.0.40629.0
MinimumVisualStudioVersion = 10.0.40219.1
Project("{FAE04EC0-301F-11D3-BF4B-00C04F79EFBC}") = "DustAetPatchingPlatform", "DustAetPatchingPlatform\DustAetPatchingPlatform.csproj", "{CED53C93-953B-4ADC-B3C3-C9706E748595}"
EndProject
Project("{FAE04EC0-301F-11D3-BF4B-00C04F79EFBC}") = "Deprofiler", "Deprofiler\Deprofiler.csproj", "{68724FFF-4D0D-4802-9041-65438CA98B6B}"
EndProject
Project("{2150E333-8FDC-42A3-9474-1A3956D46DE8}") = "Patches", "Patches", "{A1F59A05-B665-4DFD-94AC-78AB8DDC7EAD}"
EndProject
Project("{FAE04EC0-301F-11D3-BF4B-00C04F79EFBC}") = "PrevStateFix", "PrevStateFix\PrevStateFix.csproj", "{F301AEE2-0C58-4AFF-AE6A-0959C7B2391B}"
EndProject
Project("{FAE04EC0-301F-11D3-BF4B-00C04F79EFBC}") = "SkipIntro", "SkipIntro\SkipIntro.csproj", "{A6508076-F1FD-41B6-A800-0C5B08FE907F}"
EndProject
Project("{FAE04EC0-301F-11D3-BF4B-00C04F79EFBC}") = "Troubleshooter", "Troubleshooter\Troubleshooter.csproj", "{595632A2-BD3D-433F-B1BB-FCDCE8E22FBB}"
EndProject
Project("{FAE04EC0-301F-11D3-BF4B-00C04F79EFBC}") = "DebugEnabler", "DebugEnabler\DebugEnabler.csproj", "{CB4451C5-67F4-45A9-84F4-75DB487299BE}"
EndProject
Project("{FAE04EC0-301F-11D3-BF4B-00C04F79EFBC}") = "DisableAirSeek", "DisableAirSeek\DisableAirSeek.csproj", "{E11296C9-902A-46BD-8373-4DDB7F1A34F5}"
EndProject
Project("{FAE04EC0-301F-11D3-BF4B-00C04F79EFBC}") = "SwitchLang", "SwitchLang\SwitchLang.csproj", "{6C572B22-F886-4CBB-A858-C4D51AB366B6}"
EndProject
Project("{FAE04EC0-301F-11D3-BF4B-00C04F79EFBC}") = "DisableDropDespawn", "DisableDropDespawn\DisableDropDespawn.csproj", "{33BFC6DF-7679-4459-9D69-073F5C029949}"
EndProject
Project("{FAE04EC0-301F-11D3-BF4B-00C04F79EFBC}") = "Disable1HPSave", "Disable1HPSave\Disable1HPSave.csproj", "{89391925-4902-47AD-A55C-6177CD06FA58}"
EndProject
Project("{FAE04EC0-301F-11D3-BF4B-00C04F79EFBC}") = "ExtFullscreenSwitch", "ExtFullscreenSwitch\ExtFullscreenSwitch.csproj", "{298F5D8D-BA44-4FF7-BFA5-25915F568C42}"
EndProject
Project("{FAE04EC0-301F-11D3-BF4B-00C04F79EFBC}") = "MuteVoiceActing", "MuteVoiceActing\MuteVoiceActing.csproj", "{1B195E5D-7509-4982-8EB4-8470CD54EF97}"
EndProject
Project("{FAE04EC0-301F-11D3-BF4B-00C04F79EFBC}") = "SteamWrapped", "SteamWrapped\SteamWrapped.csproj", "{F700FFDB-447E-46AF-9C20-DE5C34802844}"
EndProject
Global
	GlobalSection(SolutionConfigurationPlatforms) = preSolution
		Debug|Any CPU = Debug|Any CPU
		Release|Any CPU = Release|Any CPU
	EndGlobalSection
	GlobalSection(ProjectConfigurationPlatforms) = postSolution
		{CED53C93-953B-4ADC-B3C3-C9706E748595}.Debug|Any CPU.ActiveCfg = Debug|Any CPU
		{CED53C93-953B-4ADC-B3C3-C9706E748595}.Debug|Any CPU.Build.0 = Debug|Any CPU
		{CED53C93-953B-4ADC-B3C3-C9706E748595}.Release|Any CPU.ActiveCfg = Release|Any CPU
		{CED53C93-953B-4ADC-B3C3-C9706E748595}.Release|Any CPU.Build.0 = Release|Any CPU
		{68724FFF-4D0D-4802-9041-65438CA98B6B}.Debug|Any CPU.ActiveCfg = Debug|Any CPU
		{68724FFF-4D0D-4802-9041-65438CA98B6B}.Debug|Any CPU.Build.0 = Debug|Any CPU
		{68724FFF-4D0D-4802-9041-65438CA98B6B}.Release|Any CPU.ActiveCfg = Release|Any CPU
		{68724FFF-4D0D-4802-9041-65438CA98B6B}.Release|Any CPU.Build.0 = Release|Any CPU
		{F301AEE2-0C58-4AFF-AE6A-0959C7B2391B}.Debug|Any CPU.ActiveCfg = Debug|Any CPU
		{F301AEE2-0C58-4AFF-AE6A-0959C7B2391B}.Debug|Any CPU.Build.0 = Debug|Any CPU
		{F301AEE2-0C58-4AFF-AE6A-0959C7B2391B}.Release|Any CPU.ActiveCfg = Release|Any CPU
		{F301AEE2-0C58-4AFF-AE6A-0959C7B2391B}.Release|Any CPU.Build.0 = Release|Any CPU
		{A6508076-F1FD-41B6-A800-0C5B08FE907F}.Debug|Any CPU.ActiveCfg = Debug|Any CPU
		{A6508076-F1FD-41B6-A800-0C5B08FE907F}.Debug|Any CPU.Build.0 = Debug|Any CPU
		{A6508076-F1FD-41B6-A800-0C5B08FE907F}.Release|Any CPU.ActiveCfg = Release|Any CPU
		{A6508076-F1FD-41B6-A800-0C5B08FE907F}.Release|Any CPU.Build.0 = Release|Any CPU
		{595632A2-BD3D-433F-B1BB-FCDCE8E22FBB}.Debug|Any CPU.ActiveCfg = Debug|Any CPU
		{595632A2-BD3D-433F-B1BB-FCDCE8E22FBB}.Debug|Any CPU.Build.0 = Debug|Any CPU
		{595632A2-BD3D-433F-B1BB-FCDCE8E22FBB}.Release|Any CPU.ActiveCfg = Release|Any CPU
		{595632A2-BD3D-433F-B1BB-FCDCE8E22FBB}.Release|Any CPU.Build.0 = Release|Any CPU
		{CB4451C5-67F4-45A9-84F4-75DB487299BE}.Debug|Any CPU.ActiveCfg = Debug|Any CPU
		{CB4451C5-67F4-45A9-84F4-75DB487299BE}.Debug|Any CPU.Build.0 = Debug|Any CPU
		{CB4451C5-67F4-45A9-84F4-75DB487299BE}.Release|Any CPU.ActiveCfg = Release|Any CPU
		{CB4451C5-67F4-45A9-84F4-75DB487299BE}.Release|Any CPU.Build.0 = Release|Any CPU
		{E11296C9-902A-46BD-8373-4DDB7F1A34F5}.Debug|Any CPU.ActiveCfg = Debug|Any CPU
		{E11296C9-902A-46BD-8373-4DDB7F1A34F5}.Debug|Any CPU.Build.0 = Debug|Any CPU
		{E11296C9-902A-46BD-8373-4DDB7F1A34F5}.Release|Any CPU.ActiveCfg = Release|Any CPU
		{E11296C9-902A-46BD-8373-4DDB7F1A34F5}.Release|Any CPU.Build.0 = Release|Any CPU
		{6C572B22-F886-4CBB-A858-C4D51AB366B6}.Debug|Any CPU.ActiveCfg = Debug|Any CPU
		{6C572B22-F886-4CBB-A858-C4D51AB366B6}.Debug|Any CPU.Build.0 = Debug|Any CPU
		{6C572B22-F886-4CBB-A858-C4D51AB366B6}.Release|Any CPU.ActiveCfg = Release|Any CPU
		{6C572B22-F886-4CBB-A858-C4D51AB366B6}.Release|Any CPU.Build.0 = Release|Any CPU
		{33BFC6DF-7679-4459-9D69-073F5C029949}.Debug|Any CPU.ActiveCfg = Debug|Any CPU
		{33BFC6DF-7679-4459-9D69-073F5C029949}.Debug|Any CPU.Build.0 = Debug|Any CPU
		{33BFC6DF-7679-4459-9D69-073F5C029949}.Release|Any CPU.ActiveCfg = Release|Any CPU
		{33BFC6DF-7679-4459-9D69-073F5C029949}.Release|Any CPU.Build.0 = Release|Any CPU
		{89391925-4902-47AD-A55C-6177CD06FA58}.Debug|Any CPU.ActiveCfg = Debug|Any CPU
		{89391925-4902-47AD-A55C-6177CD06FA58}.Debug|Any CPU.Build.0 = Debug|Any CPU
		{89391925-4902-47AD-A55C-6177CD06FA58}.Release|Any CPU.ActiveCfg = Release|Any CPU
		{89391925-4902-47AD-A55C-6177CD06FA58}.Release|Any CPU.Build.0 = Release|Any CPU
		{298F5D8D-BA44-4FF7-BFA5-25915F568C42}.Debug|Any CPU.ActiveCfg = Debug|Any CPU
		{298F5D8D-BA44-4FF7-BFA5-25915F568C42}.Debug|Any CPU.Build.0 = Debug|Any CPU
		{298F5D8D-BA44-4FF7-BFA5-25915F568C42}.Release|Any CPU.ActiveCfg = Release|Any CPU
		{298F5D8D-BA44-4FF7-BFA5-25915F568C42}.Release|Any CPU.Build.0 = Release|Any CPU
		{1B195E5D-7509-4982-8EB4-8470CD54EF97}.Debug|Any CPU.ActiveCfg = Debug|Any CPU
		{1B195E5D-7509-4982-8EB4-8470CD54EF97}.Debug|Any CPU.Build.0 = Debug|Any CPU
		{1B195E5D-7509-4982-8EB4-8470CD54EF97}.Release|Any CPU.ActiveCfg = Release|Any CPU
		{1B195E5D-7509-4982-8EB4-8470CD54EF97}.Release|Any CPU.Build.0 = Release|Any CPU
		{F700FFDB-447E-46AF-9C20-DE5C34802844}.Debug|Any CPU.ActiveCfg = Debug|Any CPU
		{F700FFDB-447E-46AF-9C20-DE5C34802844}.Debug|Any CPU.Build.0 = Debug|Any CPU
		{F700FFDB-447E-46AF-9C20-DE5C34802844}.Release|Any CPU.ActiveCfg = Release|Any CPU
		{F700FFDB-447E-46AF-9C20-DE5C34802844}.Release|Any CPU.Build.0 = Release|Any CPU
	EndGlobalSection
	GlobalSection(SolutionProperties) = preSolution
		HideSolutionNode = FALSE
	EndGlobalSection
	GlobalSection(NestedProjects) = preSolution
		{68724FFF-4D0D-4802-9041-65438CA98B6B} = {A1F59A05-B665-4DFD-94AC-78AB8DDC7EAD}
		{F301AEE2-0C58-4AFF-AE6A-0959C7B2391B} = {A1F59A05-B665-4DFD-94AC-78AB8DDC7EAD}
		{A6508076-F1FD-41B6-A800-0C5B08FE907F} = {A1F59A05-B665-4DFD-94AC-78AB8DDC7EAD}
		{595632A2-BD3D-433F-B1BB-FCDCE8E22FBB} = {A1F59A05-B665-4DFD-94AC-78AB8DDC7EAD}
		{CB4451C5-67F4-45A9-84F4-75DB487299BE} = {A1F59A05-B665-4DFD-94AC-78AB8DDC7EAD}
		{E11296C9-902A-46BD-8373-4DDB7F1A34F5} = {A1F59A05-B665-4DFD-94AC-78AB8DDC7EAD}
		{6C572B22-F886-4CBB-A858-C4D51AB366B6} = {A1F59A05-B665-4DFD-94AC-78AB8DDC7EAD}
		{33BFC6DF-7679-4459-9D69-073F5C029949} = {A1F59A05-B665-4DFD-94AC-78AB8DDC7EAD}
		{89391925-4902-47AD-A55C-6177CD06FA58} = {A1F59A05-B665-4DFD-94AC-78AB8DDC7EAD}
		{298F5D8D-BA44-4FF7-BFA5-25915F568C42} = {A1F59A05-B665-4DFD-94AC-78AB8DDC7EAD}
		{1B195E5D-7509-4982-8EB4-8470CD54EF97} = {A1F59A05-B665-4DFD-94AC-78AB8DDC7EAD}
	EndGlobalSection
EndGlobal
